// !$*UTF8*$!
{
	archiveVersion = 1;
	classes = {
	};
	objectVersion = 46;
	objects = {

/* Begin PBXBuildFile section */
		C3A7B367187211B9008418BC /* Foundation.framework in Frameworks */ = {isa = PBXBuildFile; fileRef = C3A7B366187211B9008418BC /* Foundation.framework */; };
		C3A7B369187211B9008418BC /* CoreGraphics.framework in Frameworks */ = {isa = PBXBuildFile; fileRef = C3A7B368187211B9008418BC /* CoreGraphics.framework */; };
		C3A7B36B187211B9008418BC /* UIKit.framework in Frameworks */ = {isa = PBXBuildFile; fileRef = C3A7B36A187211B9008418BC /* UIKit.framework */; };
		C3A7B371187211B9008418BC /* InfoPlist.strings in Resources */ = {isa = PBXBuildFile; fileRef = C3A7B36F187211B9008418BC /* InfoPlist.strings */; };
		C3A7B373187211B9008418BC /* main.m in Sources */ = {isa = PBXBuildFile; fileRef = C3A7B372187211B9008418BC /* main.m */; };
		C3A7B377187211B9008418BC /* AppDelegate.m in Sources */ = {isa = PBXBuildFile; fileRef = C3A7B376187211B9008418BC /* AppDelegate.m */; };
		C3A7B37A187211B9008418BC /* Main_iPhone.storyboard in Resources */ = {isa = PBXBuildFile; fileRef = C3A7B378187211B9008418BC /* Main_iPhone.storyboard */; };
		C3A7B37D187211B9008418BC /* Main_iPad.storyboard in Resources */ = {isa = PBXBuildFile; fileRef = C3A7B37B187211B9008418BC /* Main_iPad.storyboard */; };
		C3A7B380187211B9008418BC /* NewsFeed.m in Sources */ = {isa = PBXBuildFile; fileRef = C3A7B37F187211B9008418BC /* NewsFeed.m */; };
		C3A7B383187211B9008418BC /* Calender.m in Sources */ = {isa = PBXBuildFile; fileRef = C3A7B382187211B9008418BC /* Calender.m */; };
		C3A7B385187211B9008418BC /* Images.xcassets in Resources */ = {isa = PBXBuildFile; fileRef = C3A7B384187211B9008418BC /* Images.xcassets */; };
		C3A7B38C187211B9008418BC /* XCTest.framework in Frameworks */ = {isa = PBXBuildFile; fileRef = C3A7B38B187211B9008418BC /* XCTest.framework */; };
		C3A7B38D187211B9008418BC /* Foundation.framework in Frameworks */ = {isa = PBXBuildFile; fileRef = C3A7B366187211B9008418BC /* Foundation.framework */; };
		C3A7B38E187211B9008418BC /* UIKit.framework in Frameworks */ = {isa = PBXBuildFile; fileRef = C3A7B36A187211B9008418BC /* UIKit.framework */; };
		C3A7B396187211B9008418BC /* InfoPlist.strings in Resources */ = {isa = PBXBuildFile; fileRef = C3A7B394187211B9008418BC /* InfoPlist.strings */; };
		C3A7B398187211B9008418BC /* DMAPPTests.m in Sources */ = {isa = PBXBuildFile; fileRef = C3A7B397187211B9008418BC /* DMAPPTests.m */; };
		C3A7B3A51874C228008418BC /* Reachability.m in Sources */ = {isa = PBXBuildFile; fileRef = C3A7B3A41874C228008418BC /* Reachability.m */; };
		C3A7B3AF1877B92E008418BC /* MainViewController.m in Sources */ = {isa = PBXBuildFile; fileRef = C3A7B3AE1877B92E008418BC /* MainViewController.m */; };
/* End PBXBuildFile section */

/* Begin PBXContainerItemProxy section */
		C3A7B38F187211B9008418BC /* PBXContainerItemProxy */ = {
			isa = PBXContainerItemProxy;
			containerPortal = C3A7B35B187211B9008418BC /* Project object */;
			proxyType = 1;
			remoteGlobalIDString = C3A7B362187211B9008418BC;
			remoteInfo = DMAPP;
		};
/* End PBXContainerItemProxy section */

/* Begin PBXFileReference section */
		C3A7B363187211B9008418BC /* DMAPP.app */ = {isa = PBXFileReference; explicitFileType = wrapper.application; includeInIndex = 0; path = DMAPP.app; sourceTree = BUILT_PRODUCTS_DIR; };
		C3A7B366187211B9008418BC /* Foundation.framework */ = {isa = PBXFileReference; lastKnownFileType = wrapper.framework; name = Foundation.framework; path = System/Library/Frameworks/Foundation.framework; sourceTree = SDKROOT; };
		C3A7B368187211B9008418BC /* CoreGraphics.framework */ = {isa = PBXFileReference; lastKnownFileType = wrapper.framework; name = CoreGraphics.framework; path = System/Library/Frameworks/CoreGraphics.framework; sourceTree = SDKROOT; };
		C3A7B36A187211B9008418BC /* UIKit.framework */ = {isa = PBXFileReference; lastKnownFileType = wrapper.framework; name = UIKit.framework; path = System/Library/Frameworks/UIKit.framework; sourceTree = SDKROOT; };
		C3A7B36E187211B9008418BC /* DMAPP-Info.plist */ = {isa = PBXFileReference; lastKnownFileType = text.plist.xml; path = "DMAPP-Info.plist"; sourceTree = "<group>"; };
		C3A7B370187211B9008418BC /* en */ = {isa = PBXFileReference; lastKnownFileType = text.plist.strings; name = en; path = en.lproj/InfoPlist.strings; sourceTree = "<group>"; };
		C3A7B372187211B9008418BC /* main.m */ = {isa = PBXFileReference; lastKnownFileType = sourcecode.c.objc; path = main.m; sourceTree = "<group>"; };
		C3A7B374187211B9008418BC /* DMAPP-Prefix.pch */ = {isa = PBXFileReference; lastKnownFileType = sourcecode.c.h; path = "DMAPP-Prefix.pch"; sourceTree = "<group>"; };
		C3A7B375187211B9008418BC /* AppDelegate.h */ = {isa = PBXFileReference; lastKnownFileType = sourcecode.c.h; path = AppDelegate.h; sourceTree = "<group>"; };
		C3A7B376187211B9008418BC /* AppDelegate.m */ = {isa = PBXFileReference; lastKnownFileType = sourcecode.c.objc; path = AppDelegate.m; sourceTree = "<group>"; };
		C3A7B379187211B9008418BC /* Base */ = {isa = PBXFileReference; lastKnownFileType = file.storyboard; name = Base; path = Base.lproj/Main_iPhone.storyboard; sourceTree = "<group>"; };
		C3A7B37C187211B9008418BC /* Base */ = {isa = PBXFileReference; lastKnownFileType = file.storyboard; name = Base; path = Base.lproj/Main_iPad.storyboard; sourceTree = "<group>"; };
		C3A7B37E187211B9008418BC /* NewsFeed.h */ = {isa = PBXFileReference; lastKnownFileType = sourcecode.c.h; path = NewsFeed.h; sourceTree = "<group>"; };
		C3A7B37F187211B9008418BC /* NewsFeed.m */ = {isa = PBXFileReference; lastKnownFileType = sourcecode.c.objc; path = NewsFeed.m; sourceTree = "<group>"; };
		C3A7B381187211B9008418BC /* Calender.h */ = {isa = PBXFileReference; lastKnownFileType = sourcecode.c.h; path = Calender.h; sourceTree = "<group>"; };
		C3A7B382187211B9008418BC /* Calender.m */ = {isa = PBXFileReference; lastKnownFileType = sourcecode.c.objc; path = Calender.m; sourceTree = "<group>"; };
		C3A7B384187211B9008418BC /* Images.xcassets */ = {isa = PBXFileReference; lastKnownFileType = folder.assetcatalog; path = Images.xcassets; sourceTree = "<group>"; };
		C3A7B38A187211B9008418BC /* DMAPPTests.xctest */ = {isa = PBXFileReference; explicitFileType = wrapper.cfbundle; includeInIndex = 0; path = DMAPPTests.xctest; sourceTree = BUILT_PRODUCTS_DIR; };
		C3A7B38B187211B9008418BC /* XCTest.framework */ = {isa = PBXFileReference; lastKnownFileType = wrapper.framework; name = XCTest.framework; path = Library/Frameworks/XCTest.framework; sourceTree = DEVELOPER_DIR; };
		C3A7B393187211B9008418BC /* DMAPPTests-Info.plist */ = {isa = PBXFileReference; lastKnownFileType = text.plist.xml; path = "DMAPPTests-Info.plist"; sourceTree = "<group>"; };
		C3A7B395187211B9008418BC /* en */ = {isa = PBXFileReference; lastKnownFileType = text.plist.strings; name = en; path = en.lproj/InfoPlist.strings; sourceTree = "<group>"; };
		C3A7B397187211B9008418BC /* DMAPPTests.m */ = {isa = PBXFileReference; lastKnownFileType = sourcecode.c.objc; path = DMAPPTests.m; sourceTree = "<group>"; };
		C3A7B3A31874C228008418BC /* Reachability.h */ = {isa = PBXFileReference; fileEncoding = 4; lastKnownFileType = sourcecode.c.h; path = Reachability.h; sourceTree = "<group>"; };
		C3A7B3A41874C228008418BC /* Reachability.m */ = {isa = PBXFileReference; fileEncoding = 4; lastKnownFileType = sourcecode.c.objc; path = Reachability.m; sourceTree = "<group>"; };
		C3A7B3AD1877B92E008418BC /* MainViewController.h */ = {isa = PBXFileReference; fileEncoding = 4; lastKnownFileType = sourcecode.c.h; path = MainViewController.h; sourceTree = "<group>"; };
		C3A7B3AE1877B92E008418BC /* MainViewController.m */ = {isa = PBXFileReference; fileEncoding = 4; lastKnownFileType = sourcecode.c.objc; path = MainViewController.m; sourceTree = "<group>"; };
/* End PBXFileReference section */

/* Begin PBXFrameworksBuildPhase section */
		C3A7B360187211B9008418BC /* Frameworks */ = {
			isa = PBXFrameworksBuildPhase;
			buildActionMask = 2147483647;
			files = (
				C3A7B369187211B9008418BC /* CoreGraphics.framework in Frameworks */,
				C3A7B36B187211B9008418BC /* UIKit.framework in Frameworks */,
				C3A7B367187211B9008418BC /* Foundation.framework in Frameworks */,
			);
			runOnlyForDeploymentPostprocessing = 0;
		};
		C3A7B387187211B9008418BC /* Frameworks */ = {
			isa = PBXFrameworksBuildPhase;
			buildActionMask = 2147483647;
			files = (
				C3A7B38C187211B9008418BC /* XCTest.framework in Frameworks */,
				C3A7B38E187211B9008418BC /* UIKit.framework in Frameworks */,
				C3A7B38D187211B9008418BC /* Foundation.framework in Frameworks */,
			);
			runOnlyForDeploymentPostprocessing = 0;
		};
/* End PBXFrameworksBuildPhase section */

/* Begin PBXGroup section */
		C3A7B35A187211B9008418BC = {
			isa = PBXGroup;
			children = (
				C3A7B36C187211B9008418BC /* DMAPP */,
				C3A7B391187211B9008418BC /* DMAPPTests */,
				C3A7B365187211B9008418BC /* Frameworks */,
				C3A7B364187211B9008418BC /* Products */,
			);
			sourceTree = "<group>";
		};
		C3A7B364187211B9008418BC /* Products */ = {
			isa = PBXGroup;
			children = (
				C3A7B363187211B9008418BC /* DMAPP.app */,
				C3A7B38A187211B9008418BC /* DMAPPTests.xctest */,
			);
			name = Products;
			sourceTree = "<group>";
		};
		C3A7B365187211B9008418BC /* Frameworks */ = {
			isa = PBXGroup;
			children = (
				C3A7B366187211B9008418BC /* Foundation.framework */,
				C3A7B368187211B9008418BC /* CoreGraphics.framework */,
				C3A7B36A187211B9008418BC /* UIKit.framework */,
				C3A7B38B187211B9008418BC /* XCTest.framework */,
			);
			name = Frameworks;
			sourceTree = "<group>";
		};
		C3A7B36C187211B9008418BC /* DMAPP */ = {
			isa = PBXGroup;
			children = (
				C3A7B3A61877B745008418BC /* Main */,
				C3A7B3A31874C228008418BC /* Reachability.h */,
				C3A7B3A41874C228008418BC /* Reachability.m */,
				C3A7B3A21874ACED008418BC /* NewsFeed */,
				C3A7B3A118721560008418BC /* Calender */,
				C3A7B375187211B9008418BC /* AppDelegate.h */,
				C3A7B376187211B9008418BC /* AppDelegate.m */,
				C3A7B378187211B9008418BC /* Main_iPhone.storyboard */,
				C3A7B37B187211B9008418BC /* Main_iPad.storyboard */,
				C3A7B384187211B9008418BC /* Images.xcassets */,
				C3A7B36D187211B9008418BC /* Supporting Files */,
			);
			path = DMAPP;
			sourceTree = "<group>";
		};
		C3A7B36D187211B9008418BC /* Supporting Files */ = {
			isa = PBXGroup;
			children = (
				C3A7B36E187211B9008418BC /* DMAPP-Info.plist */,
				C3A7B36F187211B9008418BC /* InfoPlist.strings */,
				C3A7B372187211B9008418BC /* main.m */,
				C3A7B374187211B9008418BC /* DMAPP-Prefix.pch */,
			);
			name = "Supporting Files";
			sourceTree = "<group>";
		};
		C3A7B391187211B9008418BC /* DMAPPTests */ = {
			isa = PBXGroup;
			children = (
				C3A7B397187211B9008418BC /* DMAPPTests.m */,
				C3A7B392187211B9008418BC /* Supporting Files */,
			);
			path = DMAPPTests;
			sourceTree = "<group>";
		};
		C3A7B392187211B9008418BC /* Supporting Files */ = {
			isa = PBXGroup;
			children = (
				C3A7B393187211B9008418BC /* DMAPPTests-Info.plist */,
				C3A7B394187211B9008418BC /* InfoPlist.strings */,
			);
			name = "Supporting Files";
			sourceTree = "<group>";
		};
		C3A7B3A118721560008418BC /* Calender */ = {
			isa = PBXGroup;
			children = (
				C3A7B381187211B9008418BC /* Calender.h */,
				C3A7B382187211B9008418BC /* Calender.m */,
			);
			name = Calender;
			sourceTree = "<group>";
		};
		C3A7B3A21874ACED008418BC /* NewsFeed */ = {
			isa = PBXGroup;
			children = (
				C3A7B37E187211B9008418BC /* NewsFeed.h */,
				C3A7B37F187211B9008418BC /* NewsFeed.m */,
			);
			name = NewsFeed;
			sourceTree = "<group>";
		};
		C3A7B3A61877B745008418BC /* Main */ = {
			isa = PBXGroup;
			children = (
				C3A7B3AD1877B92E008418BC /* MainViewController.h */,
				C3A7B3AE1877B92E008418BC /* MainViewController.m */,
			);
			name = Main;
			sourceTree = "<group>";
		};
/* End PBXGroup section */

/* Begin PBXNativeTarget section */
		C3A7B362187211B9008418BC /* DMAPP */ = {
			isa = PBXNativeTarget;
			buildConfigurationList = C3A7B39B187211B9008418BC /* Build configuration list for PBXNativeTarget "DMAPP" */;
			buildPhases = (
				C3A7B35F187211B9008418BC /* Sources */,
				C3A7B360187211B9008418BC /* Frameworks */,
				C3A7B361187211B9008418BC /* Resources */,
			);
			buildRules = (
			);
			dependencies = (
			);
			name = DMAPP;
			productName = DMAPP;
			productReference = C3A7B363187211B9008418BC /* DMAPP.app */;
			productType = "com.apple.product-type.application";
		};
		C3A7B389187211B9008418BC /* DMAPPTests */ = {
			isa = PBXNativeTarget;
			buildConfigurationList = C3A7B39E187211B9008418BC /* Build configuration list for PBXNativeTarget "DMAPPTests" */;
			buildPhases = (
				C3A7B386187211B9008418BC /* Sources */,
				C3A7B387187211B9008418BC /* Frameworks */,
				C3A7B388187211B9008418BC /* Resources */,
			);
			buildRules = (
			);
			dependencies = (
				C3A7B390187211B9008418BC /* PBXTargetDependency */,
			);
			name = DMAPPTests;
			productName = DMAPPTests;
			productReference = C3A7B38A187211B9008418BC /* DMAPPTests.xctest */;
			productType = "com.apple.product-type.bundle.unit-test";
		};
/* End PBXNativeTarget section */

/* Begin PBXProject section */
		C3A7B35B187211B9008418BC /* Project object */ = {
			isa = PBXProject;
			attributes = {
				LastUpgradeCheck = 0500;
				ORGANIZATIONNAME = "Dance Marathon";
				TargetAttributes = {
					C3A7B389187211B9008418BC = {
						TestTargetID = C3A7B362187211B9008418BC;
					};
				};
			};
			buildConfigurationList = C3A7B35E187211B9008418BC /* Build configuration list for PBXProject "DMAPP" */;
			compatibilityVersion = "Xcode 3.2";
			developmentRegion = English;
			hasScannedForEncodings = 0;
			knownRegions = (
				en,
				Base,
			);
			mainGroup = C3A7B35A187211B9008418BC;
			productRefGroup = C3A7B364187211B9008418BC /* Products */;
			projectDirPath = "";
			projectRoot = "";
			targets = (
				C3A7B362187211B9008418BC /* DMAPP */,
				C3A7B389187211B9008418BC /* DMAPPTests */,
			);
		};
/* End PBXProject section */

/* Begin PBXResourcesBuildPhase section */
		C3A7B361187211B9008418BC /* Resources */ = {
			isa = PBXResourcesBuildPhase;
			buildActionMask = 2147483647;
			files = (
				C3A7B37D187211B9008418BC /* Main_iPad.storyboard in Resources */,
				C3A7B385187211B9008418BC /* Images.xcassets in Resources */,
				C3A7B37A187211B9008418BC /* Main_iPhone.storyboard in Resources */,
				C3A7B371187211B9008418BC /* InfoPlist.strings in Resources */,
			);
			runOnlyForDeploymentPostprocessing = 0;
		};
		C3A7B388187211B9008418BC /* Resources */ = {
			isa = PBXResourcesBuildPhase;
			buildActionMask = 2147483647;
			files = (
				C3A7B396187211B9008418BC /* InfoPlist.strings in Resources */,
			);
			runOnlyForDeploymentPostprocessing = 0;
		};
/* End PBXResourcesBuildPhase section */

/* Begin PBXSourcesBuildPhase section */
		C3A7B35F187211B9008418BC /* Sources */ = {
			isa = PBXSourcesBuildPhase;
			buildActionMask = 2147483647;
			files = (
				C3A7B383187211B9008418BC /* Calender.m in Sources */,
				C3A7B3AF1877B92E008418BC /* MainViewController.m in Sources */,
				C3A7B377187211B9008418BC /* AppDelegate.m in Sources */,
				C3A7B380187211B9008418BC /* NewsFeed.m in Sources */,
				C3A7B373187211B9008418BC /* main.m in Sources */,
				C3A7B3A51874C228008418BC /* Reachability.m in Sources */,
			);
			runOnlyForDeploymentPostprocessing = 0;
		};
		C3A7B386187211B9008418BC /* Sources */ = {
			isa = PBXSourcesBuildPhase;
			buildActionMask = 2147483647;
			files = (
				C3A7B398187211B9008418BC /* DMAPPTests.m in Sources */,
			);
			runOnlyForDeploymentPostprocessing = 0;
		};
/* End PBXSourcesBuildPhase section */

/* Begin PBXTargetDependency section */
		C3A7B390187211B9008418BC /* PBXTargetDependency */ = {
			isa = PBXTargetDependency;
			target = C3A7B362187211B9008418BC /* DMAPP */;
			targetProxy = C3A7B38F187211B9008418BC /* PBXContainerItemProxy */;
		};
/* End PBXTargetDependency section */

/* Begin PBXVariantGroup section */
		C3A7B36F187211B9008418BC /* InfoPlist.strings */ = {
			isa = PBXVariantGroup;
			children = (
				C3A7B370187211B9008418BC /* en */,
			);
			name = InfoPlist.strings;
			sourceTree = "<group>";
		};
		C3A7B378187211B9008418BC /* Main_iPhone.storyboard */ = {
			isa = PBXVariantGroup;
			children = (
				C3A7B379187211B9008418BC /* Base */,
			);
			name = Main_iPhone.storyboard;
			sourceTree = "<group>";
		};
		C3A7B37B187211B9008418BC /* Main_iPad.storyboard */ = {
			isa = PBXVariantGroup;
			children = (
				C3A7B37C187211B9008418BC /* Base */,
			);
			name = Main_iPad.storyboard;
			sourceTree = "<group>";
		};
		C3A7B394187211B9008418BC /* InfoPlist.strings */ = {
			isa = PBXVariantGroup;
			children = (
				C3A7B395187211B9008418BC /* en */,
			);
			name = InfoPlist.strings;
			sourceTree = "<group>";
		};
/* End PBXVariantGroup section */

/* Begin XCBuildConfiguration section */
		C3A7B399187211B9008418BC /* Debug */ = {
			isa = XCBuildConfiguration;
			buildSettings = {
				ALWAYS_SEARCH_USER_PATHS = NO;
				ARCHS = "$(ARCHS_STANDARD_INCLUDING_64_BIT)";
				CLANG_CXX_LANGUAGE_STANDARD = "gnu++0x";
				CLANG_CXX_LIBRARY = "libc++";
				CLANG_ENABLE_MODULES = YES;
				CLANG_ENABLE_OBJC_ARC = YES;
				CLANG_WARN_BOOL_CONVERSION = YES;
				CLANG_WARN_CONSTANT_CONVERSION = YES;
				CLANG_WARN_DIRECT_OBJC_ISA_USAGE = YES_ERROR;
				CLANG_WARN_EMPTY_BODY = YES;
				CLANG_WARN_ENUM_CONVERSION = YES;
				CLANG_WARN_INT_CONVERSION = YES;
				CLANG_WARN_OBJC_ROOT_CLASS = YES_ERROR;
				CLANG_WARN__DUPLICATE_METHOD_MATCH = YES;
				"CODE_SIGN_IDENTITY[sdk=iphoneos*]" = "iPhone Developer";
				COPY_PHASE_STRIP = NO;
				GCC_C_LANGUAGE_STANDARD = gnu99;
				GCC_DYNAMIC_NO_PIC = NO;
				GCC_OPTIMIZATION_LEVEL = 0;
				GCC_PREPROCESSOR_DEFINITIONS = (
					"DEBUG=1",
					"$(inherited)",
				);
				GCC_SYMBOLS_PRIVATE_EXTERN = NO;
				GCC_WARN_64_TO_32_BIT_CONVERSION = YES;
				GCC_WARN_ABOUT_RETURN_TYPE = YES_ERROR;
				GCC_WARN_UNDECLARED_SELECTOR = YES;
				GCC_WARN_UNINITIALIZED_AUTOS = YES;
				GCC_WARN_UNUSED_FUNCTION = YES;
				GCC_WARN_UNUSED_VARIABLE = YES;
				IPHONEOS_DEPLOYMENT_TARGET = 7.0;
				ONLY_ACTIVE_ARCH = YES;
				SDKROOT = iphoneos;
				TARGETED_DEVICE_FAMILY = "1,2";
			};
			name = Debug;
		};
		C3A7B39A187211B9008418BC /* Release */ = {
			isa = XCBuildConfiguration;
			buildSettings = {
				ALWAYS_SEARCH_USER_PATHS = NO;
				ARCHS = "$(ARCHS_STANDARD_INCLUDING_64_BIT)";
				CLANG_CXX_LANGUAGE_STANDARD = "gnu++0x";
				CLANG_CXX_LIBRARY = "libc++";
				CLANG_ENABLE_MODULES = YES;
				CLANG_ENABLE_OBJC_ARC = YES;
				CLANG_WARN_BOOL_CONVERSION = YES;
				CLANG_WARN_CONSTANT_CONVERSION = YES;
				CLANG_WARN_DIRECT_OBJC_ISA_USAGE = YES_ERROR;
				CLANG_WARN_EMPTY_BODY = YES;
				CLANG_WARN_ENUM_CONVERSION = YES;
				CLANG_WARN_INT_CONVERSION = YES;
				CLANG_WARN_OBJC_ROOT_CLASS = YES_ERROR;
				CLANG_WARN__DUPLICATE_METHOD_MATCH = YES;
				"CODE_SIGN_IDENTITY[sdk=iphoneos*]" = "iPhone Developer";
				COPY_PHASE_STRIP = YES;
				ENABLE_NS_ASSERTIONS = NO;
				GCC_C_LANGUAGE_STANDARD = gnu99;
				GCC_WARN_64_TO_32_BIT_CONVERSION = YES;
				GCC_WARN_ABOUT_RETURN_TYPE = YES_ERROR;
				GCC_WARN_UNDECLARED_SELECTOR = YES;
				GCC_WARN_UNINITIALIZED_AUTOS = YES;
				GCC_WARN_UNUSED_FUNCTION = YES;
				GCC_WARN_UNUSED_VARIABLE = YES;
				IPHONEOS_DEPLOYMENT_TARGET = 7.0;
				SDKROOT = iphoneos;
				TARGETED_DEVICE_FAMILY = "1,2";
				VALIDATE_PRODUCT = YES;
			};
			name = Release;
		};
		C3A7B39C187211B9008418BC /* Debug */ = {
			isa = XCBuildConfiguration;
			buildSettings = {
				ASSETCATALOG_COMPILER_APPICON_NAME = AppIcon;
				ASSETCATALOG_COMPILER_LAUNCHIMAGE_NAME = LaunchImage;
				GCC_PRECOMPILE_PREFIX_HEADER = YES;
				GCC_PREFIX_HEADER = "DMAPP/DMAPP-Prefix.pch";
				INFOPLIST_FILE = "DMAPP/DMAPP-Info.plist";
				PRODUCT_NAME = "$(TARGET_NAME)";
				WRAPPER_EXTENSION = app;
			};
			name = Debug;
		};
		C3A7B39D187211B9008418BC /* Release */ = {
			isa = XCBuildConfiguration;
			buildSettings = {
				ASSETCATALOG_COMPILER_APPICON_NAME = AppIcon;
				ASSETCATALOG_COMPILER_LAUNCHIMAGE_NAME = LaunchImage;
				GCC_PRECOMPILE_PREFIX_HEADER = YES;
				GCC_PREFIX_HEADER = "DMAPP/DMAPP-Prefix.pch";
				INFOPLIST_FILE = "DMAPP/DMAPP-Info.plist";
				PRODUCT_NAME = "$(TARGET_NAME)";
				WRAPPER_EXTENSION = app;
			};
			name = Release;
		};
		C3A7B39F187211B9008418BC /* Debug */ = {
			isa = XCBuildConfiguration;
			buildSettings = {
				ARCHS = "$(ARCHS_STANDARD_INCLUDING_64_BIT)";
				BUNDLE_LOADER = "$(BUILT_PRODUCTS_DIR)/DMAPP.app/DMAPP";
				FRAMEWORK_SEARCH_PATHS = (
					"$(SDKROOT)/Developer/Library/Frameworks",
					"$(inherited)",
					"$(DEVELOPER_FRAMEWORKS_DIR)",
				);
				GCC_PRECOMPILE_PREFIX_HEADER = YES;
				GCC_PREFIX_HEADER = "DMAPP/DMAPP-Prefix.pch";
				GCC_PREPROCESSOR_DEFINITIONS = (
					"DEBUG=1",
					"$(inherited)",
				);
				INFOPLIST_FILE = "DMAPPTests/DMAPPTests-Info.plist";
				PRODUCT_NAME = "$(TARGET_NAME)";
				TEST_HOST = "$(BUNDLE_LOADER)";
				WRAPPER_EXTENSION = xctest;
			};
			name = Debug;
		};
		C3A7B3A0187211B9008418BC /* Release */ = {
			isa = XCBuildConfiguration;
			buildSettings = {
				ARCHS = "$(ARCHS_STANDARD_INCLUDING_64_BIT)";
				BUNDLE_LOADER = "$(BUILT_PRODUCTS_DIR)/DMAPP.app/DMAPP";
				FRAMEWORK_SEARCH_PATHS = (
					"$(SDKROOT)/Developer/Library/Frameworks",
					"$(inherited)",
					"$(DEVELOPER_FRAMEWORKS_DIR)",
				);
				GCC_PRECOMPILE_PREFIX_HEADER = YES;
				GCC_PREFIX_HEADER = "DMAPP/DMAPP-Prefix.pch";
				INFOPLIST_FILE = "DMAPPTests/DMAPPTests-Info.plist";
				PRODUCT_NAME = "$(TARGET_NAME)";
				TEST_HOST = "$(BUNDLE_LOADER)";
				WRAPPER_EXTENSION = xctest;
			};
			name = Release;
		};
/* End XCBuildConfiguration section */

/* Begin XCConfigurationList section */
		C3A7B35E187211B9008418BC /* Build configuration list for PBXProject "DMAPP" */ = {
			isa = XCConfigurationList;
			buildConfigurations = (
				C3A7B399187211B9008418BC /* Debug */,
				C3A7B39A187211B9008418BC /* Release */,
			);
			defaultConfigurationIsVisible = 0;
			defaultConfigurationName = Release;
		};
		C3A7B39B187211B9008418BC /* Build configuration list for PBXNativeTarget "DMAPP" */ = {
			isa = XCConfigurationList;
			buildConfigurations = (
				C3A7B39C187211B9008418BC /* Debug */,
				C3A7B39D187211B9008418BC /* Release */,
			);
			defaultConfigurationIsVisible = 0;
			defaultConfigurationName = Release;
		};
		C3A7B39E187211B9008418BC /* Build configuration list for PBXNativeTarget "DMAPPTests" */ = {
			isa = XCConfigurationList;
			buildConfigurations = (
				C3A7B39F187211B9008418BC /* Debug */,
				C3A7B3A0187211B9008418BC /* Release */,
			);
			defaultConfigurationIsVisible = 0;
			defaultConfigurationName = Release;
		};
/* End XCConfigurationList section */
	};
	rootObject = C3A7B35B187211B9008418BC /* Project object */;
}
